
Microsoft Visual Studio Solution File, Format Version 12.00
# Visual Studio Version 17
VisualStudioVersion = 17.4.33110.190
MinimumVisualStudioVersion = 10.0.40219.1
Project("{FAE04EC0-301F-11D3-BF4B-00C04F79EFBC}") = "App5.Android", "App5.Android\App5.Android.csproj", "{38E39A77-8516-4C2F-B9A0-F16CC543CE8C}"
EndProject
Project("{FAE04EC0-301F-11D3-BF4B-00C04F79EFBC}") = "App5", "App5\App5.csproj", "{81886007-6379-4691-A294-CED3901F9A64}"
EndProject
Global
	GlobalSection(SolutionConfigurationPlatforms) = preSolution
		Debug|Any CPU = Debug|Any CPU
		Release|Any CPU = Release|Any CPU
	EndGlobalSection
	GlobalSection(ProjectConfigurationPlatforms) = postSolution
		{38E39A77-8516-4C2F-B9A0-F16CC543CE8C}.Debug|Any CPU.ActiveCfg = Debug|Any CPU
		{38E39A77-8516-4C2F-B9A0-F16CC543CE8C}.Debug|Any CPU.Build.0 = Debug|Any CPU
		{38E39A77-8516-4C2F-B9A0-F16CC543CE8C}.Debug|Any CPU.Deploy.0 = Debug|Any CPU
		{38E39A77-8516-4C2F-B9A0-F16CC543CE8C}.Release|Any CPU.ActiveCfg = Release|Any CPU
		{38E39A77-8516-4C2F-B9A0-F16CC543CE8C}.Release|Any CPU.Build.0 = Release|Any CPU
		{38E39A77-8516-4C2F-B9A0-F16CC543CE8C}.Release|Any CPU.Deploy.0 = Release|Any CPU
		{81886007-6379-4691-A294-CED3901F9A64}.Debug|Any CPU.ActiveCfg = Debug|Any CPU
		{81886007-6379-4691-A294-CED3901F9A64}.Debug|Any CPU.Build.0 = Debug|Any CPU
		{81886007-6379-4691-A294-CED3901F9A64}.Debug|Any CPU.Deploy.0 = Debug|Any CPU
		{81886007-6379-4691-A294-CED3901F9A64}.Release|Any CPU.ActiveCfg = Release|Any CPU
		{81886007-6379-4691-A294-CED3901F9A64}.Release|Any CPU.Build.0 = Release|Any CPU
		{81886007-6379-4691-A294-CED3901F9A64}.Release|Any CPU.Deploy.0 = Release|Any CPU
	EndGlobalSection
	GlobalSection(SolutionProperties) = preSolution
		HideSolutionNode = FALSE
	EndGlobalSection
	GlobalSection(ExtensibilityGlobals) = postSolution
		SolutionGuid = {48927395-D6CB-455F-8195-F6F84B59A07D}
	EndGlobalSection
EndGlobal
